
Microsoft Visual Studio Solution File, Format Version 12.00
# Visual Studio Version 16
VisualStudioVersion = 16.0.31624.102
MinimumVisualStudioVersion = 10.0.40219.1
Project("{FAE04EC0-301F-11D3-BF4B-00C04F79EFBC}") = "Proyecto_Biblioteca", "Proyecto_Biblioteca.csproj", "{D280D67F-F891-4F3B-B6AE-6937DC42E517}"
EndProject
Global
	GlobalSection(SolutionConfigurationPlatforms) = preSolution
		Debug|Any CPU = Debug|Any CPU
		Release|Any CPU = Release|Any CPU
	EndGlobalSection
	GlobalSection(ProjectConfigurationPlatforms) = postSolution
		{D280D67F-F891-4F3B-B6AE-6937DC42E517}.Debug|Any CPU.ActiveCfg = Debug|Any CPU
		{D280D67F-F891-4F3B-B6AE-6937DC42E517}.Debug|Any CPU.Build.0 = Debug|Any CPU
		{D280D67F-F891-4F3B-B6AE-6937DC42E517}.Release|Any CPU.ActiveCfg = Release|Any CPU
		{D280D67F-F891-4F3B-B6AE-6937DC42E517}.Release|Any CPU.Build.0 = Release|Any CPU
	EndGlobalSection
	GlobalSection(SolutionProperties) = preSolution
		HideSolutionNode = FALSE
	EndGlobalSection
	GlobalSection(ExtensibilityGlobals) = postSolution
		SolutionGuid = {38EA6E16-C232-425F-884C-BC6F81BAB6E8}
	EndGlobalSection
EndGlobal
